// !$*UTF8*$!
{
	archiveVersion = 1;
	classes = {
	};
	objectVersion = 56;
	objects = {

/* Begin PBXBuildFile section */
		7610B80929B91029006B24CB /* AppDelegate.swift in Sources */ = {isa = PBXBuildFile; fileRef = 7610B80829B91029006B24CB /* AppDelegate.swift */; };
		7610B80B29B91029006B24CB /* SceneDelegate.swift in Sources */ = {isa = PBXBuildFile; fileRef = 7610B80A29B91029006B24CB /* SceneDelegate.swift */; };
		7610B81029B91029006B24CB /* Main.storyboard in Resources */ = {isa = PBXBuildFile; fileRef = 7610B80E29B91029006B24CB /* Main.storyboard */; };
		7610B81229B9102D006B24CB /* Assets.xcassets in Resources */ = {isa = PBXBuildFile; fileRef = 7610B81129B9102D006B24CB /* Assets.xcassets */; };
		7610B81529B9102D006B24CB /* LaunchScreen.storyboard in Resources */ = {isa = PBXBuildFile; fileRef = 7610B81329B9102D006B24CB /* LaunchScreen.storyboard */; };
		7610B82129B916C0006B24CB /* OnboardingViewController.swift in Sources */ = {isa = PBXBuildFile; fileRef = 7610B82029B916C0006B24CB /* OnboardingViewController.swift */; };
		7610B82429BA7107006B24CB /* View&Extension.swift in Sources */ = {isa = PBXBuildFile; fileRef = 7610B82329BA7107006B24CB /* View&Extension.swift */; };
		7610B82629BB9B32006B24CB /* OnBoardingSlide.swift in Sources */ = {isa = PBXBuildFile; fileRef = 7610B82529BB9B32006B24CB /* OnBoardingSlide.swift */; };
		7610B82829BBAAAA006B24CB /* OnboardingCVCell.swift in Sources */ = {isa = PBXBuildFile; fileRef = 7610B82729BBAAAA006B24CB /* OnboardingCVCell.swift */; };
/* End PBXBuildFile section */

/* Begin PBXFileReference section */
		7610B80529B91029006B24CB /* Onboarding.app */ = {isa = PBXFileReference; explicitFileType = wrapper.application; includeInIndex = 0; path = Onboarding.app; sourceTree = BUILT_PRODUCTS_DIR; };
		7610B80829B91029006B24CB /* AppDelegate.swift */ = {isa = PBXFileReference; lastKnownFileType = sourcecode.swift; path = AppDelegate.swift; sourceTree = "<group>"; };
		7610B80A29B91029006B24CB /* SceneDelegate.swift */ = {isa = PBXFileReference; lastKnownFileType = sourcecode.swift; path = SceneDelegate.swift; sourceTree = "<group>"; };
		7610B80F29B91029006B24CB /* Base */ = {isa = PBXFileReference; lastKnownFileType = file.storyboard; name = Base; path = Base.lproj/Main.storyboard; sourceTree = "<group>"; };
		7610B81129B9102D006B24CB /* Assets.xcassets */ = {isa = PBXFileReference; lastKnownFileType = folder.assetcatalog; path = Assets.xcassets; sourceTree = "<group>"; };
		7610B81429B9102D006B24CB /* Base */ = {isa = PBXFileReference; lastKnownFileType = file.storyboard; name = Base; path = Base.lproj/LaunchScreen.storyboard; sourceTree = "<group>"; };
		7610B81629B9102D006B24CB /* Info.plist */ = {isa = PBXFileReference; lastKnownFileType = text.plist.xml; path = Info.plist; sourceTree = "<group>"; };
		7610B82029B916C0006B24CB /* OnboardingViewController.swift */ = {isa = PBXFileReference; lastKnownFileType = sourcecode.swift; path = OnboardingViewController.swift; sourceTree = "<group>"; };
		7610B82329BA7107006B24CB /* View&Extension.swift */ = {isa = PBXFileReference; lastKnownFileType = sourcecode.swift; path = "View&Extension.swift"; sourceTree = "<group>"; };
		7610B82529BB9B32006B24CB /* OnBoardingSlide.swift */ = {isa = PBXFileReference; lastKnownFileType = sourcecode.swift; path = OnBoardingSlide.swift; sourceTree = "<group>"; };
		7610B82729BBAAAA006B24CB /* OnboardingCVCell.swift */ = {isa = PBXFileReference; lastKnownFileType = sourcecode.swift; path = OnboardingCVCell.swift; sourceTree = "<group>"; };
/* End PBXFileReference section */

/* Begin PBXFrameworksBuildPhase section */
		7610B80229B91029006B24CB /* Frameworks */ = {
			isa = PBXFrameworksBuildPhase;
			buildActionMask = 2147483647;
			files = (
			);
			runOnlyForDeploymentPostprocessing = 0;
		};
/* End PBXFrameworksBuildPhase section */

/* Begin PBXGroup section */
		7610B7FC29B91028006B24CB = {
			isa = PBXGroup;
			children = (
				7610B80729B91029006B24CB /* Onboarding */,
				7610B80629B91029006B24CB /* Products */,
			);
			sourceTree = "<group>";
		};
		7610B80629B91029006B24CB /* Products */ = {
			isa = PBXGroup;
			children = (
				7610B80529B91029006B24CB /* Onboarding.app */,
			);
			name = Products;
			sourceTree = "<group>";
		};
		7610B80729B91029006B24CB /* Onboarding */ = {
			isa = PBXGroup;
			children = (
				7610B82229BA70B4006B24CB /* Extension */,
				7610B81E29B9133E006B24CB /* CustomViews */,
				7610B81D29B9132C006B24CB /* Views */,
				7610B81C29B91320006B24CB /* Models */,
				7610B80829B91029006B24CB /* AppDelegate.swift */,
				7610B80A29B91029006B24CB /* SceneDelegate.swift */,
				7610B80E29B91029006B24CB /* Main.storyboard */,
				7610B81129B9102D006B24CB /* Assets.xcassets */,
				7610B81329B9102D006B24CB /* LaunchScreen.storyboard */,
				7610B81629B9102D006B24CB /* Info.plist */,
			);
			path = Onboarding;
			sourceTree = "<group>";
		};
		7610B81C29B91320006B24CB /* Models */ = {
			isa = PBXGroup;
			children = (
				7610B82529BB9B32006B24CB /* OnBoardingSlide.swift */,
			);
			path = Models;
			sourceTree = "<group>";
		};
		7610B81D29B9132C006B24CB /* Views */ = {
			isa = PBXGroup;
			children = (
				7610B81F29B91375006B24CB /* Onboarding */,
			);
			path = Views;
			sourceTree = "<group>";
		};
		7610B81E29B9133E006B24CB /* CustomViews */ = {
			isa = PBXGroup;
			children = (
			);
			path = CustomViews;
			sourceTree = "<group>";
		};
		7610B81F29B91375006B24CB /* Onboarding */ = {
			isa = PBXGroup;
			children = (
				7610B82029B916C0006B24CB /* OnboardingViewController.swift */,
				7610B82729BBAAAA006B24CB /* OnboardingCVCell.swift */,
			);
			path = Onboarding;
			sourceTree = "<group>";
		};
		7610B82229BA70B4006B24CB /* Extension */ = {
			isa = PBXGroup;
			children = (
				7610B82329BA7107006B24CB /* View&Extension.swift */,
			);
			path = Extension;
			sourceTree = "<group>";
		};
/* End PBXGroup section */

/* Begin PBXNativeTarget section */
		7610B80429B91029006B24CB /* Onboarding */ = {
			isa = PBXNativeTarget;
			buildConfigurationList = 7610B81929B9102D006B24CB /* Build configuration list for PBXNativeTarget "Onboarding" */;
			buildPhases = (
				7610B80129B91029006B24CB /* Sources */,
				7610B80229B91029006B24CB /* Frameworks */,
				7610B80329B91029006B24CB /* Resources */,
			);
			buildRules = (
			);
			dependencies = (
			);
			name = Onboarding;
			productName = Onboarding;
			productReference = 7610B80529B91029006B24CB /* Onboarding.app */;
			productType = "com.apple.product-type.application";
		};
/* End PBXNativeTarget section */

/* Begin PBXProject section */
		7610B7FD29B91028006B24CB /* Project object */ = {
			isa = PBXProject;
			attributes = {
				BuildIndependentTargetsInParallel = 1;
				LastSwiftUpdateCheck = 1420;
				LastUpgradeCheck = 1420;
				TargetAttributes = {
					7610B80429B91029006B24CB = {
						CreatedOnToolsVersion = 14.2;
					};
				};
			};
			buildConfigurationList = 7610B80029B91028006B24CB /* Build configuration list for PBXProject "Onboarding" */;
			compatibilityVersion = "Xcode 14.0";
			developmentRegion = en;
			hasScannedForEncodings = 0;
			knownRegions = (
				en,
				Base,
			);
			mainGroup = 7610B7FC29B91028006B24CB;
			productRefGroup = 7610B80629B91029006B24CB /* Products */;
			projectDirPath = "";
			projectRoot = "";
			targets = (
				7610B80429B91029006B24CB /* Onboarding */,
			);
		};
/* End PBXProject section */

/* Begin PBXResourcesBuildPhase section */
		7610B80329B91029006B24CB /* Resources */ = {
			isa = PBXResourcesBuildPhase;
			buildActionMask = 2147483647;
			files = (
				7610B81529B9102D006B24CB /* LaunchScreen.storyboard in Resources */,
				7610B81229B9102D006B24CB /* Assets.xcassets in Resources */,
				7610B81029B91029006B24CB /* Main.storyboard in Resources */,
			);
			runOnlyForDeploymentPostprocessing = 0;
		};
/* End PBXResourcesBuildPhase section */

/* Begin PBXSourcesBuildPhase section */
		7610B80129B91029006B24CB /* Sources */ = {
			isa = PBXSourcesBuildPhase;
			buildActionMask = 2147483647;
			files = (
				7610B80929B91029006B24CB /* AppDelegate.swift in Sources */,
				7610B82829BBAAAA006B24CB /* OnboardingCVCell.swift in Sources */,
				7610B82429BA7107006B24CB /* View&Extension.swift in Sources */,
				7610B80B29B91029006B24CB /* SceneDelegate.swift in Sources */,
				7610B82129B916C0006B24CB /* OnboardingViewController.swift in Sources */,
				7610B82629BB9B32006B24CB /* OnBoardingSlide.swift in Sources */,
			);
			runOnlyForDeploymentPostprocessing = 0;
		};
/* End PBXSourcesBuildPhase section */

/* Begin PBXVariantGroup section */
		7610B80E29B91029006B24CB /* Main.storyboard */ = {
			isa = PBXVariantGroup;
			children = (
				7610B80F29B91029006B24CB /* Base */,
			);
			name = Main.storyboard;
			sourceTree = "<group>";
		};
		7610B81329B9102D006B24CB /* LaunchScreen.storyboard */ = {
			isa = PBXVariantGroup;
			children = (
				7610B81429B9102D006B24CB /* Base */,
			);
			name = LaunchScreen.storyboard;
			sourceTree = "<group>";
		};
/* End PBXVariantGroup section */

/* Begin XCBuildConfiguration section */
		7610B81729B9102D006B24CB /* Debug */ = {
			isa = XCBuildConfiguration;
			buildSettings = {
				ALWAYS_SEARCH_USER_PATHS = NO;
				CLANG_ANALYZER_NONNULL = YES;
				CLANG_ANALYZER_NUMBER_OBJECT_CONVERSION = YES_AGGRESSIVE;
				CLANG_CXX_LANGUAGE_STANDARD = "gnu++20";
				CLANG_ENABLE_MODULES = YES;
				CLANG_ENABLE_OBJC_ARC = YES;
				CLANG_ENABLE_OBJC_WEAK = YES;
				CLANG_WARN_BLOCK_CAPTURE_AUTORELEASING = YES;
				CLANG_WARN_BOOL_CONVERSION = YES;
				CLANG_WARN_COMMA = YES;
				CLANG_WARN_CONSTANT_CONVERSION = YES;
				CLANG_WARN_DEPRECATED_OBJC_IMPLEMENTATIONS = YES;
				CLANG_WARN_DIRECT_OBJC_ISA_USAGE = YES_ERROR;
				CLANG_WARN_DOCUMENTATION_COMMENTS = YES;
				CLANG_WARN_EMPTY_BODY = YES;
				CLANG_WARN_ENUM_CONVERSION = YES;
				CLANG_WARN_INFINITE_RECURSION = YES;
				CLANG_WARN_INT_CONVERSION = YES;
				CLANG_WARN_NON_LITERAL_NULL_CONVERSION = YES;
				CLANG_WARN_OBJC_IMPLICIT_RETAIN_SELF = YES;
				CLANG_WARN_OBJC_LITERAL_CONVERSION = YES;
				CLANG_WARN_OBJC_ROOT_CLASS = YES_ERROR;
				CLANG_WARN_QUOTED_INCLUDE_IN_FRAMEWORK_HEADER = YES;
				CLANG_WARN_RANGE_LOOP_ANALYSIS = YES;
				CLANG_WARN_STRICT_PROTOTYPES = YES;
				CLANG_WARN_SUSPICIOUS_MOVE = YES;
				CLANG_WARN_UNGUARDED_AVAILABILITY = YES_AGGRESSIVE;
				CLANG_WARN_UNREACHABLE_CODE = YES;
				CLANG_WARN__DUPLICATE_METHOD_MATCH = YES;
				COPY_PHASE_STRIP = NO;
				DEBUG_INFORMATION_FORMAT = dwarf;
				ENABLE_STRICT_OBJC_MSGSEND = YES;
				ENABLE_TESTABILITY = YES;
				GCC_C_LANGUAGE_STANDARD = gnu11;
				GCC_DYNAMIC_NO_PIC = NO;
				GCC_NO_COMMON_BLOCKS = YES;
				GCC_OPTIMIZATION_LEVEL = 0;
				GCC_PREPROCESSOR_DEFINITIONS = (
					"DEBUG=1",
					"$(inherited)",
				);
				GCC_WARN_64_TO_32_BIT_CONVERSION = YES;
				GCC_WARN_ABOUT_RETURN_TYPE = YES_ERROR;
				GCC_WARN_UNDECLARED_SELECTOR = YES;
				GCC_WARN_UNINITIALIZED_AUTOS = YES_AGGRESSIVE;
				GCC_WARN_UNUSED_FUNCTION = YES;
				GCC_WARN_UNUSED_VARIABLE = YES;
				IPHONEOS_DEPLOYMENT_TARGET = 16.2;
				MTL_ENABLE_DEBUG_INFO = INCLUDE_SOURCE;
				MTL_FAST_MATH = YES;
				ONLY_ACTIVE_ARCH = YES;
				SDKROOT = iphoneos;
				SWIFT_ACTIVE_COMPILATION_CONDITIONS = DEBUG;
				SWIFT_OPTIMIZATION_LEVEL = "-Onone";
			};
			name = Debug;
		};
		7610B81829B9102D006B24CB /* Release */ = {
			isa = XCBuildConfiguration;
			buildSettings = {
				ALWAYS_SEARCH_USER_PATHS = NO;
				CLANG_ANALYZER_NONNULL = YES;
				CLANG_ANALYZER_NUMBER_OBJECT_CONVERSION = YES_AGGRESSIVE;
				CLANG_CXX_LANGUAGE_STANDARD = "gnu++20";
				CLANG_ENABLE_MODULES = YES;
				CLANG_ENABLE_OBJC_ARC = YES;
				CLANG_ENABLE_OBJC_WEAK = YES;
				CLANG_WARN_BLOCK_CAPTURE_AUTORELEASING = YES;
				CLANG_WARN_BOOL_CONVERSION = YES;
				CLANG_WARN_COMMA = YES;
				CLANG_WARN_CONSTANT_CONVERSION = YES;
				CLANG_WARN_DEPRECATED_OBJC_IMPLEMENTATIONS = YES;
				CLANG_WARN_DIRECT_OBJC_ISA_USAGE = YES_ERROR;
				CLANG_WARN_DOCUMENTATION_COMMENTS = YES;
				CLANG_WARN_EMPTY_BODY = YES;
				CLANG_WARN_ENUM_CONVERSION = YES;
				CLANG_WARN_INFINITE_RECURSION = YES;
				CLANG_WARN_INT_CONVERSION = YES;
				CLANG_WARN_NON_LITERAL_NULL_CONVERSION = YES;
				CLANG_WARN_OBJC_IMPLICIT_RETAIN_SELF = YES;
				CLANG_WARN_OBJC_LITERAL_CONVERSION = YES;
				CLANG_WARN_OBJC_ROOT_CLASS = YES_ERROR;
				CLANG_WARN_QUOTED_INCLUDE_IN_FRAMEWORK_HEADER = YES;
				CLANG_WARN_RANGE_LOOP_ANALYSIS = YES;
				CLANG_WARN_STRICT_PROTOTYPES = YES;
				CLANG_WARN_SUSPICIOUS_MOVE = YES;
				CLANG_WARN_UNGUARDED_AVAILABILITY = YES_AGGRESSIVE;
				CLANG_WARN_UNREACHABLE_CODE = YES;
				CLANG_WARN__DUPLICATE_METHOD_MATCH = YES;
				COPY_PHASE_STRIP = NO;
				DEBUG_INFORMATION_FORMAT = "dwarf-with-dsym";
				ENABLE_NS_ASSERTIONS = NO;
				ENABLE_STRICT_OBJC_MSGSEND = YES;
				GCC_C_LANGUAGE_STANDARD = gnu11;
				GCC_NO_COMMON_BLOCKS = YES;
				GCC_WARN_64_TO_32_BIT_CONVERSION = YES;
				GCC_WARN_ABOUT_RETURN_TYPE = YES_ERROR;
				GCC_WARN_UNDECLARED_SELECTOR = YES;
				GCC_WARN_UNINITIALIZED_AUTOS = YES_AGGRESSIVE;
				GCC_WARN_UNUSED_FUNCTION = YES;
				GCC_WARN_UNUSED_VARIABLE = YES;
				IPHONEOS_DEPLOYMENT_TARGET = 16.2;
				MTL_ENABLE_DEBUG_INFO = NO;
				MTL_FAST_MATH = YES;
				SDKROOT = iphoneos;
				SWIFT_COMPILATION_MODE = wholemodule;
				SWIFT_OPTIMIZATION_LEVEL = "-O";
				VALIDATE_PRODUCT = YES;
			};
			name = Release;
		};
		7610B81A29B9102D006B24CB /* Debug */ = {
			isa = XCBuildConfiguration;
			buildSettings = {
				ASSETCATALOG_COMPILER_APPICON_NAME = AppIcon;
				ASSETCATALOG_COMPILER_GLOBAL_ACCENT_COLOR_NAME = AccentColor;
				CODE_SIGN_STYLE = Automatic;
				CURRENT_PROJECT_VERSION = 1;
				DEVELOPMENT_TEAM = J7756LG4P3;
				GENERATE_INFOPLIST_FILE = YES;
				INFOPLIST_FILE = Onboarding/Info.plist;
				INFOPLIST_KEY_UIApplicationSupportsIndirectInputEvents = YES;
				INFOPLIST_KEY_UILaunchStoryboardName = LaunchScreen;
				INFOPLIST_KEY_UIMainStoryboardFile = Main;
				INFOPLIST_KEY_UISupportedInterfaceOrientations_iPad = "UIInterfaceOrientationPortrait UIInterfaceOrientationPortraitUpsideDown UIInterfaceOrientationLandscapeLeft UIInterfaceOrientationLandscapeRight";
				INFOPLIST_KEY_UISupportedInterfaceOrientations_iPhone = "UIInterfaceOrientationPortrait UIInterfaceOrientationLandscapeLeft UIInterfaceOrientationLandscapeRight";
				LD_RUNPATH_SEARCH_PATHS = (
					"$(inherited)",
					"@executable_path/Frameworks",
				);
				MARKETING_VERSION = 1.0;
				PRODUCT_BUNDLE_IDENTIFIER = com.info.Onboarding;
				PRODUCT_NAME = "$(TARGET_NAME)";
				SWIFT_EMIT_LOC_STRINGS = YES;
				SWIFT_VERSION = 5.0;
				TARGETED_DEVICE_FAMILY = "1,2";
			};
			name = Debug;
		};
		7610B81B29B9102D006B24CB /* Release */ = {
			isa = XCBuildConfiguration;
			buildSettings = {
				ASSETCATALOG_COMPILER_APPICON_NAME = AppIcon;
				ASSETCATALOG_COMPILER_GLOBAL_ACCENT_COLOR_NAME = AccentColor;
				CODE_SIGN_STYLE = Automatic;
				CURRENT_PROJECT_VERSION = 1;
				DEVELOPMENT_TEAM = J7756LG4P3;
				GENERATE_INFOPLIST_FILE = YES;
				INFOPLIST_FILE = Onboarding/Info.plist;
				INFOPLIST_KEY_UIApplicationSupportsIndirectInputEvents = YES;
				INFOPLIST_KEY_UILaunchStoryboardName = LaunchScreen;
				INFOPLIST_KEY_UIMainStoryboardFile = Main;
				INFOPLIST_KEY_UISupportedInterfaceOrientations_iPad = "UIInterfaceOrientationPortrait UIInterfaceOrientationPortraitUpsideDown UIInterfaceOrientationLandscapeLeft UIInterfaceOrientationLandscapeRight";
				INFOPLIST_KEY_UISupportedInterfaceOrientations_iPhone = "UIInterfaceOrientationPortrait UIInterfaceOrientationLandscapeLeft UIInterfaceOrientationLandscapeRight";
				LD_RUNPATH_SEARCH_PATHS = (
					"$(inherited)",
					"@executable_path/Frameworks",
				);
				MARKETING_VERSION = 1.0;
				PRODUCT_BUNDLE_IDENTIFIER = com.info.Onboarding;
				PRODUCT_NAME = "$(TARGET_NAME)";
				SWIFT_EMIT_LOC_STRINGS = YES;
				SWIFT_VERSION = 5.0;
				TARGETED_DEVICE_FAMILY = "1,2";
			};
			name = Release;
		};
/* End XCBuildConfiguration section */

/* Begin XCConfigurationList section */
		7610B80029B91028006B24CB /* Build configuration list for PBXProject "Onboarding" */ = {
			isa = XCConfigurationList;
			buildConfigurations = (
				7610B81729B9102D006B24CB /* Debug */,
				7610B81829B9102D006B24CB /* Release */,
			);
			defaultConfigurationIsVisible = 0;
			defaultConfigurationName = Release;
		};
		7610B81929B9102D006B24CB /* Build configuration list for PBXNativeTarget "Onboarding" */ = {
			isa = XCConfigurationList;
			buildConfigurations = (
				7610B81A29B9102D006B24CB /* Debug */,
				7610B81B29B9102D006B24CB /* Release */,
			);
			defaultConfigurationIsVisible = 0;
			defaultConfigurationName = Release;
		};
/* End XCConfigurationList section */
	};
	rootObject = 7610B7FD29B91028006B24CB /* Project object */;
}
